
Microsoft Visual Studio Solution File, Format Version 12.00
# Visual Studio Version 17
VisualStudioVersion = 17.4.33403.182
MinimumVisualStudioVersion = 10.0.40219.1
Project("{FAE04EC0-301F-11D3-BF4B-00C04F79EFBC}") = "AddressBookWPF", "AddressBookWPF\AddressBookWPF.csproj", "{1F7296AB-998A-4577-949D-C7506876BB60}"
EndProject
Global
	GlobalSection(SolutionConfigurationPlatforms) = preSolution
		Debug|Any CPU = Debug|Any CPU
		Release|Any CPU = Release|Any CPU
	EndGlobalSection
	GlobalSection(ProjectConfigurationPlatforms) = postSolution
		{1F7296AB-998A-4577-949D-C7506876BB60}.Debug|Any CPU.ActiveCfg = Debug|Any CPU
		{1F7296AB-998A-4577-949D-C7506876BB60}.Debug|Any CPU.Build.0 = Debug|Any CPU
		{1F7296AB-998A-4577-949D-C7506876BB60}.Release|Any CPU.ActiveCfg = Release|Any CPU
		{1F7296AB-998A-4577-949D-C7506876BB60}.Release|Any CPU.Build.0 = Release|Any CPU
	EndGlobalSection
	GlobalSection(SolutionProperties) = preSolution
		HideSolutionNode = FALSE
	EndGlobalSection
	GlobalSection(ExtensibilityGlobals) = postSolution
		SolutionGuid = {88E34E0A-5B3A-4921-AEF2-4CA94355C6C5}
	EndGlobalSection
EndGlobal
